
Microsoft Visual Studio Solution File, Format Version 12.00
Project("{FAE04EC0-301F-11D3-BF4B-00C04F79EFBC}") = "EnumExtensionsGenerator", "EnumExtensionsGenerator\EnumExtensionsGenerator.csproj", "{90E9F582-3724-48BA-B10A-12C867426F1E}"
EndProject
Project("{FAE04EC0-301F-11D3-BF4B-00C04F79EFBC}") = "EnumExtensionsGenerator.Tests", "EnumExtensionsGenerator.Tests\EnumExtensionsGenerator.Tests.csproj", "{216F16B5-A2F6-450B-8CD4-7CB68CB8EDF6}"
EndProject
Project("{FAE04EC0-301F-11D3-BF4B-00C04F79EFBC}") = "EnumExtensionsGenerator.Sample", "EnumExtensionsGenerator.Sample\EnumExtensionsGenerator.Sample.csproj", "{39E9F770-C3F5-4F63-8FBD-4878D04353AB}"
EndProject
Project("{FAE04EC0-301F-11D3-BF4B-00C04F79EFBC}") = "EnumExtensionsGenerator.Attributes", "EnumExtensionsGenerator.Attributes\EnumExtensionsGenerator.Attributes.csproj", "{1B33A9D5-4331-48B6-8B18-8E5B07969764}"
EndProject
Project("{FAE04EC0-301F-11D3-BF4B-00C04F79EFBC}") = "EnumExtensionsGenerator.Benchmarks", "EnumExtensionsGenerator.Benchmarks\EnumExtensionsGenerator.Benchmarks.csproj", "{6D9AF8E8-E1C8-46F4-874E-21D5C888D565}"
EndProject
Global
	GlobalSection(SolutionConfigurationPlatforms) = preSolution
		Debug|Any CPU = Debug|Any CPU
		Release|Any CPU = Release|Any CPU
	EndGlobalSection
	GlobalSection(ProjectConfigurationPlatforms) = postSolution
		{90E9F582-3724-48BA-B10A-12C867426F1E}.Debug|Any CPU.ActiveCfg = Debug|Any CPU
		{90E9F582-3724-48BA-B10A-12C867426F1E}.Debug|Any CPU.Build.0 = Debug|Any CPU
		{90E9F582-3724-48BA-B10A-12C867426F1E}.Release|Any CPU.ActiveCfg = Release|Any CPU
		{90E9F582-3724-48BA-B10A-12C867426F1E}.Release|Any CPU.Build.0 = Release|Any CPU
		{216F16B5-A2F6-450B-8CD4-7CB68CB8EDF6}.Debug|Any CPU.ActiveCfg = Debug|Any CPU
		{216F16B5-A2F6-450B-8CD4-7CB68CB8EDF6}.Debug|Any CPU.Build.0 = Debug|Any CPU
		{216F16B5-A2F6-450B-8CD4-7CB68CB8EDF6}.Release|Any CPU.ActiveCfg = Release|Any CPU
		{216F16B5-A2F6-450B-8CD4-7CB68CB8EDF6}.Release|Any CPU.Build.0 = Release|Any CPU
		{39E9F770-C3F5-4F63-8FBD-4878D04353AB}.Debug|Any CPU.ActiveCfg = Debug|Any CPU
		{39E9F770-C3F5-4F63-8FBD-4878D04353AB}.Debug|Any CPU.Build.0 = Debug|Any CPU
		{39E9F770-C3F5-4F63-8FBD-4878D04353AB}.Release|Any CPU.ActiveCfg = Release|Any CPU
		{39E9F770-C3F5-4F63-8FBD-4878D04353AB}.Release|Any CPU.Build.0 = Release|Any CPU
		{1B33A9D5-4331-48B6-8B18-8E5B07969764}.Debug|Any CPU.ActiveCfg = Debug|Any CPU
		{1B33A9D5-4331-48B6-8B18-8E5B07969764}.Debug|Any CPU.Build.0 = Debug|Any CPU
		{1B33A9D5-4331-48B6-8B18-8E5B07969764}.Release|Any CPU.ActiveCfg = Release|Any CPU
		{1B33A9D5-4331-48B6-8B18-8E5B07969764}.Release|Any CPU.Build.0 = Release|Any CPU
		{6D9AF8E8-E1C8-46F4-874E-21D5C888D565}.Debug|Any CPU.ActiveCfg = Debug|Any CPU
		{6D9AF8E8-E1C8-46F4-874E-21D5C888D565}.Debug|Any CPU.Build.0 = Debug|Any CPU
		{6D9AF8E8-E1C8-46F4-874E-21D5C888D565}.Release|Any CPU.ActiveCfg = Release|Any CPU
		{6D9AF8E8-E1C8-46F4-874E-21D5C888D565}.Release|Any CPU.Build.0 = Release|Any CPU
	EndGlobalSection
EndGlobal
